# THIS IS AN AUTOGENERATED FILE. DO NOT EDIT THIS FILE DIRECTLY.
# yarn lockfile v1


"vscode-jsonrpc@6.0.0":
  "integrity" "sha512-wnJA4BnEjOSyFMvjZdpiOwhSq9uDoK8e/kpRJDTaMYzwlkrhG1fwDIZI94CLsLzlCK5cIbMMtFlJlfR57Lavmg=="
  "resolved" "https://registry.npmjs.org/vscode-jsonrpc/-/vscode-jsonrpc-6.0.0.tgz"
  "version" "6.0.0"

"vscode-languageserver-protocol@3.16.0":
  "integrity" "sha512-sdeUoAawceQdgIfTI+sdcwkiK2KU+2cbEYA0agzM2uqaUy2UpnnGHtWTHVEtS0ES4zHU0eMFRGN+oQgDxlD66A=="
  "resolved" "https://registry.npmjs.org/vscode-languageserver-protocol/-/vscode-languageserver-protocol-3.16.0.tgz"
  "version" "3.16.0"
  dependencies:
    "vscode-jsonrpc" "6.0.0"
    "vscode-languageserver-types" "3.16.0"

"vscode-languageserver-textdocument@^1.0.4":
  "integrity" "sha512-/xhqXP/2A2RSs+J8JNXpiiNVvvNM0oTosNVmQnunlKvq9o4mupHOBAnnzH0lwIPKazXKvAKsVp1kr+H/K4lgoQ=="
  "resolved" "https://registry.npmjs.org/vscode-languageserver-textdocument/-/vscode-languageserver-textdocument-1.0.4.tgz"
  "version" "1.0.4"

"vscode-languageserver-types@3.16.0":
  "integrity" "sha512-k8luDIWJWyenLc5ToFQQMaSrqCHiLwyKPHKPQZ5zz21vM+vIVUSvsRpcbiECH4WR88K2XZqc4ScRcZ7nk/jbeA=="
  "resolved" "https://registry.npmjs.org/vscode-languageserver-types/-/vscode-languageserver-types-3.16.0.tgz"
  "version" "3.16.0"

"vscode-languageserver@^7.0.0":
  "integrity" "sha512-60HTx5ID+fLRcgdHfmz0LDZAXYEV68fzwG0JWwEPBode9NuMYTIxuYXPg4ngO8i8+Ou0lM7y6GzaYWbiDL0drw=="
  "resolved" "https://registry.npmjs.org/vscode-languageserver/-/vscode-languageserver-7.0.0.tgz"
  "version" "7.0.0"
  dependencies:
    "vscode-languageserver-protocol" "3.16.0"
